
Microsoft Visual Studio Solution File, Format Version 12.00
# Visual Studio Version 17
VisualStudioVersion = 17.3.32708.82
MinimumVisualStudioVersion = 10.0.40219.1
Project("{FAE04EC0-301F-11D3-BF4B-00C04F79EFBC}") = "ShopList.Server", "ShopList\Server\ShopList.Server.csproj", "{DC0BE39B-3A9B-4593-A9D3-299C4BAF21D5}"
EndProject
Project("{FAE04EC0-301F-11D3-BF4B-00C04F79EFBC}") = "ShopList.Client", "ShopList\Client\ShopList.Client.csproj", "{3010AB94-23F6-429D-9A8C-2D5D1627F9D2}"
EndProject
Project("{FAE04EC0-301F-11D3-BF4B-00C04F79EFBC}") = "ShopList.Shared", "ShopList\Shared\ShopList.Shared.csproj", "{B7E9B8AE-A78B-4536-B055-0A876E6C9429}"
EndProject
Project("{FAE04EC0-301F-11D3-BF4B-00C04F79EFBC}") = "ShopList.DataAccess", "ShopList.DataAccess\ShopList.DataAccess.csproj", "{D8651AFE-F8E9-489D-A930-91EC56A46BBA}"
EndProject
Global
	GlobalSection(SolutionConfigurationPlatforms) = preSolution
		Debug|Any CPU = Debug|Any CPU
		Release|Any CPU = Release|Any CPU
	EndGlobalSection
	GlobalSection(ProjectConfigurationPlatforms) = postSolution
		{DC0BE39B-3A9B-4593-A9D3-299C4BAF21D5}.Debug|Any CPU.ActiveCfg = Debug|Any CPU
		{DC0BE39B-3A9B-4593-A9D3-299C4BAF21D5}.Debug|Any CPU.Build.0 = Debug|Any CPU
		{DC0BE39B-3A9B-4593-A9D3-299C4BAF21D5}.Release|Any CPU.ActiveCfg = Release|Any CPU
		{DC0BE39B-3A9B-4593-A9D3-299C4BAF21D5}.Release|Any CPU.Build.0 = Release|Any CPU
		{3010AB94-23F6-429D-9A8C-2D5D1627F9D2}.Debug|Any CPU.ActiveCfg = Debug|Any CPU
		{3010AB94-23F6-429D-9A8C-2D5D1627F9D2}.Debug|Any CPU.Build.0 = Debug|Any CPU
		{3010AB94-23F6-429D-9A8C-2D5D1627F9D2}.Release|Any CPU.ActiveCfg = Release|Any CPU
		{3010AB94-23F6-429D-9A8C-2D5D1627F9D2}.Release|Any CPU.Build.0 = Release|Any CPU
		{B7E9B8AE-A78B-4536-B055-0A876E6C9429}.Debug|Any CPU.ActiveCfg = Debug|Any CPU
		{B7E9B8AE-A78B-4536-B055-0A876E6C9429}.Debug|Any CPU.Build.0 = Debug|Any CPU
		{B7E9B8AE-A78B-4536-B055-0A876E6C9429}.Release|Any CPU.ActiveCfg = Release|Any CPU
		{B7E9B8AE-A78B-4536-B055-0A876E6C9429}.Release|Any CPU.Build.0 = Release|Any CPU
		{D8651AFE-F8E9-489D-A930-91EC56A46BBA}.Debug|Any CPU.ActiveCfg = Debug|Any CPU
		{D8651AFE-F8E9-489D-A930-91EC56A46BBA}.Debug|Any CPU.Build.0 = Debug|Any CPU
		{D8651AFE-F8E9-489D-A930-91EC56A46BBA}.Release|Any CPU.ActiveCfg = Release|Any CPU
		{D8651AFE-F8E9-489D-A930-91EC56A46BBA}.Release|Any CPU.Build.0 = Release|Any CPU
	EndGlobalSection
	GlobalSection(SolutionProperties) = preSolution
		HideSolutionNode = FALSE
	EndGlobalSection
	GlobalSection(ExtensibilityGlobals) = postSolution
		SolutionGuid = {CDBD1D2F-CCDA-4F98-B715-088B28BA6C27}
	EndGlobalSection
EndGlobal
